// !$*UTF8*$!
{
	archiveVersion = 1;
	classes = {
	};
	objectVersion = 56;
	objects = {

/* Begin PBXBuildFile section */
		AC1818642B18009200F825D5 /* AppDelegate.swift in Sources */ = {isa = PBXBuildFile; fileRef = AC1818632B18009200F825D5 /* AppDelegate.swift */; };
		AC1818662B18009200F825D5 /* SceneDelegate.swift in Sources */ = {isa = PBXBuildFile; fileRef = AC1818652B18009200F825D5 /* SceneDelegate.swift */; };
		AC1818682B18009200F825D5 /* ViewController.swift in Sources */ = {isa = PBXBuildFile; fileRef = AC1818672B18009200F825D5 /* ViewController.swift */; };
		AC18186B2B18009200F825D5 /* Main.storyboard in Resources */ = {isa = PBXBuildFile; fileRef = AC1818692B18009200F825D5 /* Main.storyboard */; };
		AC18186D2B18009300F825D5 /* Assets.xcassets in Resources */ = {isa = PBXBuildFile; fileRef = AC18186C2B18009300F825D5 /* Assets.xcassets */; };
		AC1818702B18009300F825D5 /* LaunchScreen.storyboard in Resources */ = {isa = PBXBuildFile; fileRef = AC18186E2B18009300F825D5 /* LaunchScreen.storyboard */; };
		AC18187B2B18009400F825D5 /* Proyecto2Tests.swift in Sources */ = {isa = PBXBuildFile; fileRef = AC18187A2B18009400F825D5 /* Proyecto2Tests.swift */; };
		AC1818852B18009400F825D5 /* Proyecto2UITests.swift in Sources */ = {isa = PBXBuildFile; fileRef = AC1818842B18009400F825D5 /* Proyecto2UITests.swift */; };
		AC1818872B18009400F825D5 /* Proyecto2UITestsLaunchTests.swift in Sources */ = {isa = PBXBuildFile; fileRef = AC1818862B18009400F825D5 /* Proyecto2UITestsLaunchTests.swift */; };
		AC1818962B181CFB00F825D5 /* Calcular in Frameworks */ = {isa = PBXBuildFile; productRef = AC1818952B181CFB00F825D5 /* Calcular */; };
/* End PBXBuildFile section */

/* Begin PBXContainerItemProxy section */
		AC1818772B18009400F825D5 /* PBXContainerItemProxy */ = {
			isa = PBXContainerItemProxy;
			containerPortal = AC1818582B18009200F825D5 /* Project object */;
			proxyType = 1;
			remoteGlobalIDString = AC18185F2B18009200F825D5;
			remoteInfo = Proyecto2;
		};
		AC1818812B18009400F825D5 /* PBXContainerItemProxy */ = {
			isa = PBXContainerItemProxy;
			containerPortal = AC1818582B18009200F825D5 /* Project object */;
			proxyType = 1;
			remoteGlobalIDString = AC18185F2B18009200F825D5;
			remoteInfo = Proyecto2;
		};
/* End PBXContainerItemProxy section */

/* Begin PBXFileReference section */
		AC1818602B18009200F825D5 /* Proyecto2.app */ = {isa = PBXFileReference; explicitFileType = wrapper.application; includeInIndex = 0; path = Proyecto2.app; sourceTree = BUILT_PRODUCTS_DIR; };
		AC1818632B18009200F825D5 /* AppDelegate.swift */ = {isa = PBXFileReference; lastKnownFileType = sourcecode.swift; path = AppDelegate.swift; sourceTree = "<group>"; };
		AC1818652B18009200F825D5 /* SceneDelegate.swift */ = {isa = PBXFileReference; lastKnownFileType = sourcecode.swift; path = SceneDelegate.swift; sourceTree = "<group>"; };
		AC1818672B18009200F825D5 /* ViewController.swift */ = {isa = PBXFileReference; lastKnownFileType = sourcecode.swift; path = ViewController.swift; sourceTree = "<group>"; };
		AC18186A2B18009200F825D5 /* Base */ = {isa = PBXFileReference; lastKnownFileType = file.storyboard; name = Base; path = Base.lproj/Main.storyboard; sourceTree = "<group>"; };
		AC18186C2B18009300F825D5 /* Assets.xcassets */ = {isa = PBXFileReference; lastKnownFileType = folder.assetcatalog; path = Assets.xcassets; sourceTree = "<group>"; };
		AC18186F2B18009300F825D5 /* Base */ = {isa = PBXFileReference; lastKnownFileType = file.storyboard; name = Base; path = Base.lproj/LaunchScreen.storyboard; sourceTree = "<group>"; };
		AC1818712B18009300F825D5 /* Info.plist */ = {isa = PBXFileReference; lastKnownFileType = text.plist.xml; path = Info.plist; sourceTree = "<group>"; };
		AC1818762B18009400F825D5 /* Proyecto2Tests.xctest */ = {isa = PBXFileReference; explicitFileType = wrapper.cfbundle; includeInIndex = 0; path = Proyecto2Tests.xctest; sourceTree = BUILT_PRODUCTS_DIR; };
		AC18187A2B18009400F825D5 /* Proyecto2Tests.swift */ = {isa = PBXFileReference; lastKnownFileType = sourcecode.swift; path = Proyecto2Tests.swift; sourceTree = "<group>"; };
		AC1818802B18009400F825D5 /* Proyecto2UITests.xctest */ = {isa = PBXFileReference; explicitFileType = wrapper.cfbundle; includeInIndex = 0; path = Proyecto2UITests.xctest; sourceTree = BUILT_PRODUCTS_DIR; };
		AC1818842B18009400F825D5 /* Proyecto2UITests.swift */ = {isa = PBXFileReference; lastKnownFileType = sourcecode.swift; path = Proyecto2UITests.swift; sourceTree = "<group>"; };
		AC1818862B18009400F825D5 /* Proyecto2UITestsLaunchTests.swift */ = {isa = PBXFileReference; lastKnownFileType = sourcecode.swift; path = Proyecto2UITestsLaunchTests.swift; sourceTree = "<group>"; };
		AC1818932B18198E00F825D5 /* Calcular */ = {isa = PBXFileReference; lastKnownFileType = wrapper; name = Calcular; path = ../Calcular; sourceTree = "<group>"; };
/* End PBXFileReference section */

/* Begin PBXFrameworksBuildPhase section */
		AC18185D2B18009200F825D5 /* Frameworks */ = {
			isa = PBXFrameworksBuildPhase;
			buildActionMask = 2147483647;
			files = (
				AC1818962B181CFB00F825D5 /* Calcular in Frameworks */,
			);
			runOnlyForDeploymentPostprocessing = 0;
		};
		AC1818732B18009400F825D5 /* Frameworks */ = {
			isa = PBXFrameworksBuildPhase;
			buildActionMask = 2147483647;
			files = (
			);
			runOnlyForDeploymentPostprocessing = 0;
		};
		AC18187D2B18009400F825D5 /* Frameworks */ = {
			isa = PBXFrameworksBuildPhase;
			buildActionMask = 2147483647;
			files = (
			);
			runOnlyForDeploymentPostprocessing = 0;
		};
/* End PBXFrameworksBuildPhase section */

/* Begin PBXGroup section */
		AC1818572B18009200F825D5 = {
			isa = PBXGroup;
			children = (
				AC1818932B18198E00F825D5 /* Calcular */,
				AC1818622B18009200F825D5 /* Proyecto2 */,
				AC1818792B18009400F825D5 /* Proyecto2Tests */,
				AC1818832B18009400F825D5 /* Proyecto2UITests */,
				AC1818612B18009200F825D5 /* Products */,
				AC1818942B181CFB00F825D5 /* Frameworks */,
			);
			sourceTree = "<group>";
		};
		AC1818612B18009200F825D5 /* Products */ = {
			isa = PBXGroup;
			children = (
				AC1818602B18009200F825D5 /* Proyecto2.app */,
				AC1818762B18009400F825D5 /* Proyecto2Tests.xctest */,
				AC1818802B18009400F825D5 /* Proyecto2UITests.xctest */,
			);
			name = Products;
			sourceTree = "<group>";
		};
		AC1818622B18009200F825D5 /* Proyecto2 */ = {
			isa = PBXGroup;
			children = (
				AC1818632B18009200F825D5 /* AppDelegate.swift */,
				AC1818652B18009200F825D5 /* SceneDelegate.swift */,
				AC1818672B18009200F825D5 /* ViewController.swift */,
				AC1818692B18009200F825D5 /* Main.storyboard */,
				AC18186C2B18009300F825D5 /* Assets.xcassets */,
				AC18186E2B18009300F825D5 /* LaunchScreen.storyboard */,
				AC1818712B18009300F825D5 /* Info.plist */,
			);
			path = Proyecto2;
			sourceTree = "<group>";
		};
		AC1818792B18009400F825D5 /* Proyecto2Tests */ = {
			isa = PBXGroup;
			children = (
				AC18187A2B18009400F825D5 /* Proyecto2Tests.swift */,
			);
			path = Proyecto2Tests;
			sourceTree = "<group>";
		};
		AC1818832B18009400F825D5 /* Proyecto2UITests */ = {
			isa = PBXGroup;
			children = (
				AC1818842B18009400F825D5 /* Proyecto2UITests.swift */,
				AC1818862B18009400F825D5 /* Proyecto2UITestsLaunchTests.swift */,
			);
			path = Proyecto2UITests;
			sourceTree = "<group>";
		};
		AC1818942B181CFB00F825D5 /* Frameworks */ = {
			isa = PBXGroup;
			children = (
			);
			name = Frameworks;
			sourceTree = "<group>";
		};
/* End PBXGroup section */

/* Begin PBXNativeTarget section */
		AC18185F2B18009200F825D5 /* Proyecto2 */ = {
			isa = PBXNativeTarget;
			buildConfigurationList = AC18188A2B18009400F825D5 /* Build configuration list for PBXNativeTarget "Proyecto2" */;
			buildPhases = (
				AC18185C2B18009200F825D5 /* Sources */,
				AC18185D2B18009200F825D5 /* Frameworks */,
				AC18185E2B18009200F825D5 /* Resources */,
			);
			buildRules = (
			);
			dependencies = (
			);
			name = Proyecto2;
			packageProductDependencies = (
				AC1818952B181CFB00F825D5 /* Calcular */,
			);
			productName = Proyecto2;
			productReference = AC1818602B18009200F825D5 /* Proyecto2.app */;
			productType = "com.apple.product-type.application";
		};
		AC1818752B18009400F825D5 /* Proyecto2Tests */ = {
			isa = PBXNativeTarget;
			buildConfigurationList = AC18188D2B18009400F825D5 /* Build configuration list for PBXNativeTarget "Proyecto2Tests" */;
			buildPhases = (
				AC1818722B18009400F825D5 /* Sources */,
				AC1818732B18009400F825D5 /* Frameworks */,
				AC1818742B18009400F825D5 /* Resources */,
			);
			buildRules = (
			);
			dependencies = (
				AC1818782B18009400F825D5 /* PBXTargetDependency */,
			);
			name = Proyecto2Tests;
			productName = Proyecto2Tests;
			productReference = AC1818762B18009400F825D5 /* Proyecto2Tests.xctest */;
			productType = "com.apple.product-type.bundle.unit-test";
		};
		AC18187F2B18009400F825D5 /* Proyecto2UITests */ = {
			isa = PBXNativeTarget;
			buildConfigurationList = AC1818902B18009400F825D5 /* Build configuration list for PBXNativeTarget "Proyecto2UITests" */;
			buildPhases = (
				AC18187C2B18009400F825D5 /* Sources */,
				AC18187D2B18009400F825D5 /* Frameworks */,
				AC18187E2B18009400F825D5 /* Resources */,
			);
			buildRules = (
			);
			dependencies = (
				AC1818822B18009400F825D5 /* PBXTargetDependency */,
			);
			name = Proyecto2UITests;
			productName = Proyecto2UITests;
			productReference = AC1818802B18009400F825D5 /* Proyecto2UITests.xctest */;
			productType = "com.apple.product-type.bundle.ui-testing";
		};
/* End PBXNativeTarget section */

/* Begin PBXProject section */
		AC1818582B18009200F825D5 /* Project object */ = {
			isa = PBXProject;
			attributes = {
				BuildIndependentTargetsInParallel = 1;
				LastSwiftUpdateCheck = 1420;
				LastUpgradeCheck = 1420;
				TargetAttributes = {
					AC18185F2B18009200F825D5 = {
						CreatedOnToolsVersion = 14.2;
					};
					AC1818752B18009400F825D5 = {
						CreatedOnToolsVersion = 14.2;
						TestTargetID = AC18185F2B18009200F825D5;
					};
					AC18187F2B18009400F825D5 = {
						CreatedOnToolsVersion = 14.2;
						TestTargetID = AC18185F2B18009200F825D5;
					};
				};
			};
			buildConfigurationList = AC18185B2B18009200F825D5 /* Build configuration list for PBXProject "Proyecto2" */;
			compatibilityVersion = "Xcode 14.0";
			developmentRegion = en;
			hasScannedForEncodings = 0;
			knownRegions = (
				en,
				Base,
			);
			mainGroup = AC1818572B18009200F825D5;
			productRefGroup = AC1818612B18009200F825D5 /* Products */;
			projectDirPath = "";
			projectRoot = "";
			targets = (
				AC18185F2B18009200F825D5 /* Proyecto2 */,
				AC1818752B18009400F825D5 /* Proyecto2Tests */,
				AC18187F2B18009400F825D5 /* Proyecto2UITests */,
			);
		};
/* End PBXProject section */

/* Begin PBXResourcesBuildPhase section */
		AC18185E2B18009200F825D5 /* Resources */ = {
			isa = PBXResourcesBuildPhase;
			buildActionMask = 2147483647;
			files = (
				AC1818702B18009300F825D5 /* LaunchScreen.storyboard in Resources */,
				AC18186D2B18009300F825D5 /* Assets.xcassets in Resources */,
				AC18186B2B18009200F825D5 /* Main.storyboard in Resources */,
			);
			runOnlyForDeploymentPostprocessing = 0;
		};
		AC1818742B18009400F825D5 /* Resources */ = {
			isa = PBXResourcesBuildPhase;
			buildActionMask = 2147483647;
			files = (
			);
			runOnlyForDeploymentPostprocessing = 0;
		};
		AC18187E2B18009400F825D5 /* Resources */ = {
			isa = PBXResourcesBuildPhase;
			buildActionMask = 2147483647;
			files = (
			);
			runOnlyForDeploymentPostprocessing = 0;
		};
/* End PBXResourcesBuildPhase section */

/* Begin PBXSourcesBuildPhase section */
		AC18185C2B18009200F825D5 /* Sources */ = {
			isa = PBXSourcesBuildPhase;
			buildActionMask = 2147483647;
			files = (
				AC1818682B18009200F825D5 /* ViewController.swift in Sources */,
				AC1818642B18009200F825D5 /* AppDelegate.swift in Sources */,
				AC1818662B18009200F825D5 /* SceneDelegate.swift in Sources */,
			);
			runOnlyForDeploymentPostprocessing = 0;
		};
		AC1818722B18009400F825D5 /* Sources */ = {
			isa = PBXSourcesBuildPhase;
			buildActionMask = 2147483647;
			files = (
				AC18187B2B18009400F825D5 /* Proyecto2Tests.swift in Sources */,
			);
			runOnlyForDeploymentPostprocessing = 0;
		};
		AC18187C2B18009400F825D5 /* Sources */ = {
			isa = PBXSourcesBuildPhase;
			buildActionMask = 2147483647;
			files = (
				AC1818872B18009400F825D5 /* Proyecto2UITestsLaunchTests.swift in Sources */,
				AC1818852B18009400F825D5 /* Proyecto2UITests.swift in Sources */,
			);
			runOnlyForDeploymentPostprocessing = 0;
		};
/* End PBXSourcesBuildPhase section */

/* Begin PBXTargetDependency section */
		AC1818782B18009400F825D5 /* PBXTargetDependency */ = {
			isa = PBXTargetDependency;
			target = AC18185F2B18009200F825D5 /* Proyecto2 */;
			targetProxy = AC1818772B18009400F825D5 /* PBXContainerItemProxy */;
		};
		AC1818822B18009400F825D5 /* PBXTargetDependency */ = {
			isa = PBXTargetDependency;
			target = AC18185F2B18009200F825D5 /* Proyecto2 */;
			targetProxy = AC1818812B18009400F825D5 /* PBXContainerItemProxy */;
		};
/* End PBXTargetDependency section */

/* Begin PBXVariantGroup section */
		AC1818692B18009200F825D5 /* Main.storyboard */ = {
			isa = PBXVariantGroup;
			children = (
				AC18186A2B18009200F825D5 /* Base */,
			);
			name = Main.storyboard;
			sourceTree = "<group>";
		};
		AC18186E2B18009300F825D5 /* LaunchScreen.storyboard */ = {
			isa = PBXVariantGroup;
			children = (
				AC18186F2B18009300F825D5 /* Base */,
			);
			name = LaunchScreen.storyboard;
			sourceTree = "<group>";
		};
/* End PBXVariantGroup section */

/* Begin XCBuildConfiguration section */
		AC1818882B18009400F825D5 /* Debug */ = {
			isa = XCBuildConfiguration;
			buildSettings = {
				ALWAYS_SEARCH_USER_PATHS = NO;
				CLANG_ANALYZER_NONNULL = YES;
				CLANG_ANALYZER_NUMBER_OBJECT_CONVERSION = YES_AGGRESSIVE;
				CLANG_CXX_LANGUAGE_STANDARD = "gnu++20";
				CLANG_ENABLE_MODULES = YES;
				CLANG_ENABLE_OBJC_ARC = YES;
				CLANG_ENABLE_OBJC_WEAK = YES;
				CLANG_WARN_BLOCK_CAPTURE_AUTORELEASING = YES;
				CLANG_WARN_BOOL_CONVERSION = YES;
				CLANG_WARN_COMMA = YES;
				CLANG_WARN_CONSTANT_CONVERSION = YES;
				CLANG_WARN_DEPRECATED_OBJC_IMPLEMENTATIONS = YES;
				CLANG_WARN_DIRECT_OBJC_ISA_USAGE = YES_ERROR;
				CLANG_WARN_DOCUMENTATION_COMMENTS = YES;
				CLANG_WARN_EMPTY_BODY = YES;
				CLANG_WARN_ENUM_CONVERSION = YES;
				CLANG_WARN_INFINITE_RECURSION = YES;
				CLANG_WARN_INT_CONVERSION = YES;
				CLANG_WARN_NON_LITERAL_NULL_CONVERSION = YES;
				CLANG_WARN_OBJC_IMPLICIT_RETAIN_SELF = YES;
				CLANG_WARN_OBJC_LITERAL_CONVERSION = YES;
				CLANG_WARN_OBJC_ROOT_CLASS = YES_ERROR;
				CLANG_WARN_QUOTED_INCLUDE_IN_FRAMEWORK_HEADER = YES;
				CLANG_WARN_RANGE_LOOP_ANALYSIS = YES;
				CLANG_WARN_STRICT_PROTOTYPES = YES;
				CLANG_WARN_SUSPICIOUS_MOVE = YES;
				CLANG_WARN_UNGUARDED_AVAILABILITY = YES_AGGRESSIVE;
				CLANG_WARN_UNREACHABLE_CODE = YES;
				CLANG_WARN__DUPLICATE_METHOD_MATCH = YES;
				COPY_PHASE_STRIP = NO;
				DEBUG_INFORMATION_FORMAT = dwarf;
				ENABLE_STRICT_OBJC_MSGSEND = YES;
				ENABLE_TESTABILITY = YES;
				GCC_C_LANGUAGE_STANDARD = gnu11;
				GCC_DYNAMIC_NO_PIC = NO;
				GCC_NO_COMMON_BLOCKS = YES;
				GCC_OPTIMIZATION_LEVEL = 0;
				GCC_PREPROCESSOR_DEFINITIONS = (
					"DEBUG=1",
					"$(inherited)",
				);
				GCC_WARN_64_TO_32_BIT_CONVERSION = YES;
				GCC_WARN_ABOUT_RETURN_TYPE = YES_ERROR;
				GCC_WARN_UNDECLARED_SELECTOR = YES;
				GCC_WARN_UNINITIALIZED_AUTOS = YES_AGGRESSIVE;
				GCC_WARN_UNUSED_FUNCTION = YES;
				GCC_WARN_UNUSED_VARIABLE = YES;
				IPHONEOS_DEPLOYMENT_TARGET = 16.2;
				MTL_ENABLE_DEBUG_INFO = INCLUDE_SOURCE;
				MTL_FAST_MATH = YES;
				ONLY_ACTIVE_ARCH = YES;
				SDKROOT = iphoneos;
				SWIFT_ACTIVE_COMPILATION_CONDITIONS = DEBUG;
				SWIFT_OPTIMIZATION_LEVEL = "-Onone";
			};
			name = Debug;
		};
		AC1818892B18009400F825D5 /* Release */ = {
			isa = XCBuildConfiguration;
			buildSettings = {
				ALWAYS_SEARCH_USER_PATHS = NO;
				CLANG_ANALYZER_NONNULL = YES;
				CLANG_ANALYZER_NUMBER_OBJECT_CONVERSION = YES_AGGRESSIVE;
				CLANG_CXX_LANGUAGE_STANDARD = "gnu++20";
				CLANG_ENABLE_MODULES = YES;
				CLANG_ENABLE_OBJC_ARC = YES;
				CLANG_ENABLE_OBJC_WEAK = YES;
				CLANG_WARN_BLOCK_CAPTURE_AUTORELEASING = YES;
				CLANG_WARN_BOOL_CONVERSION = YES;
				CLANG_WARN_COMMA = YES;
				CLANG_WARN_CONSTANT_CONVERSION = YES;
				CLANG_WARN_DEPRECATED_OBJC_IMPLEMENTATIONS = YES;
				CLANG_WARN_DIRECT_OBJC_ISA_USAGE = YES_ERROR;
				CLANG_WARN_DOCUMENTATION_COMMENTS = YES;
				CLANG_WARN_EMPTY_BODY = YES;
				CLANG_WARN_ENUM_CONVERSION = YES;
				CLANG_WARN_INFINITE_RECURSION = YES;
				CLANG_WARN_INT_CONVERSION = YES;
				CLANG_WARN_NON_LITERAL_NULL_CONVERSION = YES;
				CLANG_WARN_OBJC_IMPLICIT_RETAIN_SELF = YES;
				CLANG_WARN_OBJC_LITERAL_CONVERSION = YES;
				CLANG_WARN_OBJC_ROOT_CLASS = YES_ERROR;
				CLANG_WARN_QUOTED_INCLUDE_IN_FRAMEWORK_HEADER = YES;
				CLANG_WARN_RANGE_LOOP_ANALYSIS = YES;
				CLANG_WARN_STRICT_PROTOTYPES = YES;
				CLANG_WARN_SUSPICIOUS_MOVE = YES;
				CLANG_WARN_UNGUARDED_AVAILABILITY = YES_AGGRESSIVE;
				CLANG_WARN_UNREACHABLE_CODE = YES;
				CLANG_WARN__DUPLICATE_METHOD_MATCH = YES;
				COPY_PHASE_STRIP = NO;
				DEBUG_INFORMATION_FORMAT = "dwarf-with-dsym";
				ENABLE_NS_ASSERTIONS = NO;
				ENABLE_STRICT_OBJC_MSGSEND = YES;
				GCC_C_LANGUAGE_STANDARD = gnu11;
				GCC_NO_COMMON_BLOCKS = YES;
				GCC_WARN_64_TO_32_BIT_CONVERSION = YES;
				GCC_WARN_ABOUT_RETURN_TYPE = YES_ERROR;
				GCC_WARN_UNDECLARED_SELECTOR = YES;
				GCC_WARN_UNINITIALIZED_AUTOS = YES_AGGRESSIVE;
				GCC_WARN_UNUSED_FUNCTION = YES;
				GCC_WARN_UNUSED_VARIABLE = YES;
				IPHONEOS_DEPLOYMENT_TARGET = 16.2;
				MTL_ENABLE_DEBUG_INFO = NO;
				MTL_FAST_MATH = YES;
				SDKROOT = iphoneos;
				SWIFT_COMPILATION_MODE = wholemodule;
				SWIFT_OPTIMIZATION_LEVEL = "-O";
				VALIDATE_PRODUCT = YES;
			};
			name = Release;
		};
		AC18188B2B18009400F825D5 /* Debug */ = {
			isa = XCBuildConfiguration;
			buildSettings = {
				ASSETCATALOG_COMPILER_APPICON_NAME = AppIcon;
				ASSETCATALOG_COMPILER_GLOBAL_ACCENT_COLOR_NAME = AccentColor;
				CODE_SIGN_STYLE = Automatic;
				CURRENT_PROJECT_VERSION = 1;
				GENERATE_INFOPLIST_FILE = YES;
				INFOPLIST_FILE = Proyecto2/Info.plist;
				INFOPLIST_KEY_UIApplicationSupportsIndirectInputEvents = YES;
				INFOPLIST_KEY_UILaunchStoryboardName = LaunchScreen;
				INFOPLIST_KEY_UIMainStoryboardFile = Main;
				INFOPLIST_KEY_UISupportedInterfaceOrientations_iPad = "UIInterfaceOrientationPortrait UIInterfaceOrientationPortraitUpsideDown UIInterfaceOrientationLandscapeLeft UIInterfaceOrientationLandscapeRight";
				INFOPLIST_KEY_UISupportedInterfaceOrientations_iPhone = "UIInterfaceOrientationPortrait UIInterfaceOrientationLandscapeLeft UIInterfaceOrientationLandscapeRight";
				LD_RUNPATH_SEARCH_PATHS = (
					"$(inherited)",
					"@executable_path/Frameworks",
				);
				MARKETING_VERSION = 1.0;
				PRODUCT_BUNDLE_IDENTIFIER = com.puce.Proyecto2;
				PRODUCT_NAME = "$(TARGET_NAME)";
				SWIFT_EMIT_LOC_STRINGS = YES;
				SWIFT_VERSION = 5.0;
				TARGETED_DEVICE_FAMILY = "1,2";
			};
			name = Debug;
		};
		AC18188C2B18009400F825D5 /* Release */ = {
			isa = XCBuildConfiguration;
			buildSettings = {
				ASSETCATALOG_COMPILER_APPICON_NAME = AppIcon;
				ASSETCATALOG_COMPILER_GLOBAL_ACCENT_COLOR_NAME = AccentColor;
				CODE_SIGN_STYLE = Automatic;
				CURRENT_PROJECT_VERSION = 1;
				GENERATE_INFOPLIST_FILE = YES;
				INFOPLIST_FILE = Proyecto2/Info.plist;
				INFOPLIST_KEY_UIApplicationSupportsIndirectInputEvents = YES;
				INFOPLIST_KEY_UILaunchStoryboardName = LaunchScreen;
				INFOPLIST_KEY_UIMainStoryboardFile = Main;
				INFOPLIST_KEY_UISupportedInterfaceOrientations_iPad = "UIInterfaceOrientationPortrait UIInterfaceOrientationPortraitUpsideDown UIInterfaceOrientationLandscapeLeft UIInterfaceOrientationLandscapeRight";
				INFOPLIST_KEY_UISupportedInterfaceOrientations_iPhone = "UIInterfaceOrientationPortrait UIInterfaceOrientationLandscapeLeft UIInterfaceOrientationLandscapeRight";
				LD_RUNPATH_SEARCH_PATHS = (
					"$(inherited)",
					"@executable_path/Frameworks",
				);
				MARKETING_VERSION = 1.0;
				PRODUCT_BUNDLE_IDENTIFIER = com.puce.Proyecto2;
				PRODUCT_NAME = "$(TARGET_NAME)";
				SWIFT_EMIT_LOC_STRINGS = YES;
				SWIFT_VERSION = 5.0;
				TARGETED_DEVICE_FAMILY = "1,2";
			};
			name = Release;
		};
		AC18188E2B18009400F825D5 /* Debug */ = {
			isa = XCBuildConfiguration;
			buildSettings = {
				ALWAYS_EMBED_SWIFT_STANDARD_LIBRARIES = YES;
				BUNDLE_LOADER = "$(TEST_HOST)";
				CODE_SIGN_STYLE = Automatic;
				CURRENT_PROJECT_VERSION = 1;
				GENERATE_INFOPLIST_FILE = YES;
				IPHONEOS_DEPLOYMENT_TARGET = 16.2;
				MARKETING_VERSION = 1.0;
				PRODUCT_BUNDLE_IDENTIFIER = com.puce.Proyecto2Tests;
				PRODUCT_NAME = "$(TARGET_NAME)";
				SWIFT_EMIT_LOC_STRINGS = NO;
				SWIFT_VERSION = 5.0;
				TARGETED_DEVICE_FAMILY = "1,2";
				TEST_HOST = "$(BUILT_PRODUCTS_DIR)/Proyecto2.app/$(BUNDLE_EXECUTABLE_FOLDER_PATH)/Proyecto2";
			};
			name = Debug;
		};
		AC18188F2B18009400F825D5 /* Release */ = {
			isa = XCBuildConfiguration;
			buildSettings = {
				ALWAYS_EMBED_SWIFT_STANDARD_LIBRARIES = YES;
				BUNDLE_LOADER = "$(TEST_HOST)";
				CODE_SIGN_STYLE = Automatic;
				CURRENT_PROJECT_VERSION = 1;
				GENERATE_INFOPLIST_FILE = YES;
				IPHONEOS_DEPLOYMENT_TARGET = 16.2;
				MARKETING_VERSION = 1.0;
				PRODUCT_BUNDLE_IDENTIFIER = com.puce.Proyecto2Tests;
				PRODUCT_NAME = "$(TARGET_NAME)";
				SWIFT_EMIT_LOC_STRINGS = NO;
				SWIFT_VERSION = 5.0;
				TARGETED_DEVICE_FAMILY = "1,2";
				TEST_HOST = "$(BUILT_PRODUCTS_DIR)/Proyecto2.app/$(BUNDLE_EXECUTABLE_FOLDER_PATH)/Proyecto2";
			};
			name = Release;
		};
		AC1818912B18009400F825D5 /* Debug */ = {
			isa = XCBuildConfiguration;
			buildSettings = {
				ALWAYS_EMBED_SWIFT_STANDARD_LIBRARIES = YES;
				CODE_SIGN_STYLE = Automatic;
				CURRENT_PROJECT_VERSION = 1;
				GENERATE_INFOPLIST_FILE = YES;
				MARKETING_VERSION = 1.0;
				PRODUCT_BUNDLE_IDENTIFIER = com.puce.Proyecto2UITests;
				PRODUCT_NAME = "$(TARGET_NAME)";
				SWIFT_EMIT_LOC_STRINGS = NO;
				SWIFT_VERSION = 5.0;
				TARGETED_DEVICE_FAMILY = "1,2";
				TEST_TARGET_NAME = Proyecto2;
			};
			name = Debug;
		};
		AC1818922B18009400F825D5 /* Release */ = {
			isa = XCBuildConfiguration;
			buildSettings = {
				ALWAYS_EMBED_SWIFT_STANDARD_LIBRARIES = YES;
				CODE_SIGN_STYLE = Automatic;
				CURRENT_PROJECT_VERSION = 1;
				GENERATE_INFOPLIST_FILE = YES;
				MARKETING_VERSION = 1.0;
				PRODUCT_BUNDLE_IDENTIFIER = com.puce.Proyecto2UITests;
				PRODUCT_NAME = "$(TARGET_NAME)";
				SWIFT_EMIT_LOC_STRINGS = NO;
				SWIFT_VERSION = 5.0;
				TARGETED_DEVICE_FAMILY = "1,2";
				TEST_TARGET_NAME = Proyecto2;
			};
			name = Release;
		};
/* End XCBuildConfiguration section */

/* Begin XCConfigurationList section */
		AC18185B2B18009200F825D5 /* Build configuration list for PBXProject "Proyecto2" */ = {
			isa = XCConfigurationList;
			buildConfigurations = (
				AC1818882B18009400F825D5 /* Debug */,
				AC1818892B18009400F825D5 /* Release */,
			);
			defaultConfigurationIsVisible = 0;
			defaultConfigurationName = Release;
		};
		AC18188A2B18009400F825D5 /* Build configuration list for PBXNativeTarget "Proyecto2" */ = {
			isa = XCConfigurationList;
			buildConfigurations = (
				AC18188B2B18009400F825D5 /* Debug */,
				AC18188C2B18009400F825D5 /* Release */,
			);
			defaultConfigurationIsVisible = 0;
			defaultConfigurationName = Release;
		};
		AC18188D2B18009400F825D5 /* Build configuration list for PBXNativeTarget "Proyecto2Tests" */ = {
			isa = XCConfigurationList;
			buildConfigurations = (
				AC18188E2B18009400F825D5 /* Debug */,
				AC18188F2B18009400F825D5 /* Release */,
			);
			defaultConfigurationIsVisible = 0;
			defaultConfigurationName = Release;
		};
		AC1818902B18009400F825D5 /* Build configuration list for PBXNativeTarget "Proyecto2UITests" */ = {
			isa = XCConfigurationList;
			buildConfigurations = (
				AC1818912B18009400F825D5 /* Debug */,
				AC1818922B18009400F825D5 /* Release */,
			);
			defaultConfigurationIsVisible = 0;
			defaultConfigurationName = Release;
		};
/* End XCConfigurationList section */

/* Begin XCSwiftPackageProductDependency section */
		AC1818952B181CFB00F825D5 /* Calcular */ = {
			isa = XCSwiftPackageProductDependency;
			productName = Calcular;
		};
/* End XCSwiftPackageProductDependency section */
	};
	rootObject = AC1818582B18009200F825D5 /* Project object */;
}
